
Microsoft Visual Studio Solution File, Format Version 12.00
# Visual Studio Version 17
VisualStudioVersion = 17.11.35312.102
MinimumVisualStudioVersion = 10.0.40219.1
Project("{FAE04EC0-301F-11D3-BF4B-00C04F79EFBC}") = "WindowsFormsApp2", "WindowsFormsApp2\WindowsFormsApp2.csproj", "{FF9B063F-4769-407A-86F3-DEFF86F23D3B}"
EndProject
Global
	GlobalSection(SolutionConfigurationPlatforms) = preSolution
		Debug|Any CPU = Debug|Any CPU
		Release|Any CPU = Release|Any CPU
	EndGlobalSection
	GlobalSection(ProjectConfigurationPlatforms) = postSolution
		{FF9B063F-4769-407A-86F3-DEFF86F23D3B}.Debug|Any CPU.ActiveCfg = Debug|Any CPU
		{FF9B063F-4769-407A-86F3-DEFF86F23D3B}.Debug|Any CPU.Build.0 = Debug|Any CPU
		{FF9B063F-4769-407A-86F3-DEFF86F23D3B}.Release|Any CPU.ActiveCfg = Release|Any CPU
		{FF9B063F-4769-407A-86F3-DEFF86F23D3B}.Release|Any CPU.Build.0 = Release|Any CPU
	EndGlobalSection
	GlobalSection(SolutionProperties) = preSolution
		HideSolutionNode = FALSE
	EndGlobalSection
	GlobalSection(ExtensibilityGlobals) = postSolution
		SolutionGuid = {5D60F754-C6C8-4E80-B4AA-48C6FB66CA2D}
	EndGlobalSection
EndGlobal
